// !$*UTF8*$!
{
	archiveVersion = 1;
	classes = {
	};
	objectVersion = 46;
	objects = {

/* Begin PBXBuildFile section */
		49102AE51CE473AD0089D102 /* main.m in Sources */ = {isa = PBXBuildFile; fileRef = 49102AE41CE473AD0089D102 /* main.m */; };
		49102AE81CE473AD0089D102 /* AppDelegate.m in Sources */ = {isa = PBXBuildFile; fileRef = 49102AE71CE473AD0089D102 /* AppDelegate.m */; };
		49102AEB1CE473AD0089D102 /* ViewController.m in Sources */ = {isa = PBXBuildFile; fileRef = 49102AEA1CE473AD0089D102 /* ViewController.m */; };
		49102AEE1CE473AD0089D102 /* Main.storyboard in Resources */ = {isa = PBXBuildFile; fileRef = 49102AEC1CE473AD0089D102 /* Main.storyboard */; };
		49102AF11CE473AD0089D102 /* MyGit.xcdatamodeld in Sources */ = {isa = PBXBuildFile; fileRef = 49102AEF1CE473AD0089D102 /* MyGit.xcdatamodeld */; };
		49102AF31CE473AD0089D102 /* Assets.xcassets in Resources */ = {isa = PBXBuildFile; fileRef = 49102AF21CE473AD0089D102 /* Assets.xcassets */; };
		49102AF61CE473AD0089D102 /* LaunchScreen.storyboard in Resources */ = {isa = PBXBuildFile; fileRef = 49102AF41CE473AD0089D102 /* LaunchScreen.storyboard */; };
		49102B011CE473AD0089D102 /* MyGitTests.m in Sources */ = {isa = PBXBuildFile; fileRef = 49102B001CE473AD0089D102 /* MyGitTests.m */; };
		49102B0C1CE473AD0089D102 /* MyGitUITests.m in Sources */ = {isa = PBXBuildFile; fileRef = 49102B0B1CE473AD0089D102 /* MyGitUITests.m */; };
/* End PBXBuildFile section */

/* Begin PBXContainerItemProxy section */
		49102AFD1CE473AD0089D102 /* PBXContainerItemProxy */ = {
			isa = PBXContainerItemProxy;
			containerPortal = 49102AD81CE473AD0089D102 /* Project object */;
			proxyType = 1;
			remoteGlobalIDString = 49102ADF1CE473AD0089D102;
			remoteInfo = MyGit;
		};
		49102B081CE473AD0089D102 /* PBXContainerItemProxy */ = {
			isa = PBXContainerItemProxy;
			containerPortal = 49102AD81CE473AD0089D102 /* Project object */;
			proxyType = 1;
			remoteGlobalIDString = 49102ADF1CE473AD0089D102;
			remoteInfo = MyGit;
		};
/* End PBXContainerItemProxy section */

/* Begin PBXFileReference section */
		49102AE01CE473AD0089D102 /* MyGit.app */ = {isa = PBXFileReference; explicitFileType = wrapper.application; includeInIndex = 0; path = MyGit.app; sourceTree = BUILT_PRODUCTS_DIR; };
		49102AE41CE473AD0089D102 /* main.m */ = {isa = PBXFileReference; lastKnownFileType = sourcecode.c.objc; path = main.m; sourceTree = "<group>"; };
		49102AE61CE473AD0089D102 /* AppDelegate.h */ = {isa = PBXFileReference; lastKnownFileType = sourcecode.c.h; path = AppDelegate.h; sourceTree = "<group>"; };
		49102AE71CE473AD0089D102 /* AppDelegate.m */ = {isa = PBXFileReference; lastKnownFileType = sourcecode.c.objc; path = AppDelegate.m; sourceTree = "<group>"; };
		49102AE91CE473AD0089D102 /* ViewController.h */ = {isa = PBXFileReference; lastKnownFileType = sourcecode.c.h; path = ViewController.h; sourceTree = "<group>"; };
		49102AEA1CE473AD0089D102 /* ViewController.m */ = {isa = PBXFileReference; lastKnownFileType = sourcecode.c.objc; path = ViewController.m; sourceTree = "<group>"; };
		49102AED1CE473AD0089D102 /* Base */ = {isa = PBXFileReference; lastKnownFileType = file.storyboard; name = Base; path = Base.lproj/Main.storyboard; sourceTree = "<group>"; };
		49102AF01CE473AD0089D102 /* MyGit.xcdatamodel */ = {isa = PBXFileReference; lastKnownFileType = wrapper.xcdatamodel; path = MyGit.xcdatamodel; sourceTree = "<group>"; };
		49102AF21CE473AD0089D102 /* Assets.xcassets */ = {isa = PBXFileReference; lastKnownFileType = folder.assetcatalog; path = Assets.xcassets; sourceTree = "<group>"; };
		49102AF51CE473AD0089D102 /* Base */ = {isa = PBXFileReference; lastKnownFileType = file.storyboard; name = Base; path = Base.lproj/LaunchScreen.storyboard; sourceTree = "<group>"; };
		49102AF71CE473AD0089D102 /* Info.plist */ = {isa = PBXFileReference; lastKnownFileType = text.plist.xml; path = Info.plist; sourceTree = "<group>"; };
		49102AFC1CE473AD0089D102 /* MyGitTests.xctest */ = {isa = PBXFileReference; explicitFileType = wrapper.cfbundle; includeInIndex = 0; path = MyGitTests.xctest; sourceTree = BUILT_PRODUCTS_DIR; };
		49102B001CE473AD0089D102 /* MyGitTests.m */ = {isa = PBXFileReference; lastKnownFileType = sourcecode.c.objc; path = MyGitTests.m; sourceTree = "<group>"; };
		49102B021CE473AD0089D102 /* Info.plist */ = {isa = PBXFileReference; lastKnownFileType = text.plist.xml; path = Info.plist; sourceTree = "<group>"; };
		49102B071CE473AD0089D102 /* MyGitUITests.xctest */ = {isa = PBXFileReference; explicitFileType = wrapper.cfbundle; includeInIndex = 0; path = MyGitUITests.xctest; sourceTree = BUILT_PRODUCTS_DIR; };
		49102B0B1CE473AD0089D102 /* MyGitUITests.m */ = {isa = PBXFileReference; lastKnownFileType = sourcecode.c.objc; path = MyGitUITests.m; sourceTree = "<group>"; };
		49102B0D1CE473AD0089D102 /* Info.plist */ = {isa = PBXFileReference; lastKnownFileType = text.plist.xml; path = Info.plist; sourceTree = "<group>"; };
/* End PBXFileReference section */

/* Begin PBXFrameworksBuildPhase section */
		49102ADD1CE473AD0089D102 /* Frameworks */ = {
			isa = PBXFrameworksBuildPhase;
			buildActionMask = 2147483647;
			files = (
			);
			runOnlyForDeploymentPostprocessing = 0;
		};
		49102AF91CE473AD0089D102 /* Frameworks */ = {
			isa = PBXFrameworksBuildPhase;
			buildActionMask = 2147483647;
			files = (
			);
			runOnlyForDeploymentPostprocessing = 0;
		};
		49102B041CE473AD0089D102 /* Frameworks */ = {
			isa = PBXFrameworksBuildPhase;
			buildActionMask = 2147483647;
			files = (
			);
			runOnlyForDeploymentPostprocessing = 0;
		};
/* End PBXFrameworksBuildPhase section */

/* Begin PBXGroup section */
		49102AD71CE473AD0089D102 = {
			isa = PBXGroup;
			children = (
				49102AE21CE473AD0089D102 /* MyGit */,
				49102AFF1CE473AD0089D102 /* MyGitTests */,
				49102B0A1CE473AD0089D102 /* MyGitUITests */,
				49102AE11CE473AD0089D102 /* Products */,
			);
			sourceTree = "<group>";
		};
		49102AE11CE473AD0089D102 /* Products */ = {
			isa = PBXGroup;
			children = (
				49102AE01CE473AD0089D102 /* MyGit.app */,
				49102AFC1CE473AD0089D102 /* MyGitTests.xctest */,
				49102B071CE473AD0089D102 /* MyGitUITests.xctest */,
			);
			name = Products;
			sourceTree = "<group>";
		};
		49102AE21CE473AD0089D102 /* MyGit */ = {
			isa = PBXGroup;
			children = (
				49102AE61CE473AD0089D102 /* AppDelegate.h */,
				49102AE71CE473AD0089D102 /* AppDelegate.m */,
				49102AE91CE473AD0089D102 /* ViewController.h */,
				49102AEA1CE473AD0089D102 /* ViewController.m */,
				49102AEC1CE473AD0089D102 /* Main.storyboard */,
				49102AF21CE473AD0089D102 /* Assets.xcassets */,
				49102AF41CE473AD0089D102 /* LaunchScreen.storyboard */,
				49102AF71CE473AD0089D102 /* Info.plist */,
				49102AEF1CE473AD0089D102 /* MyGit.xcdatamodeld */,
				49102AE31CE473AD0089D102 /* Supporting Files */,
			);
			path = MyGit;
			sourceTree = "<group>";
		};
		49102AE31CE473AD0089D102 /* Supporting Files */ = {
			isa = PBXGroup;
			children = (
				49102AE41CE473AD0089D102 /* main.m */,
			);
			name = "Supporting Files";
			sourceTree = "<group>";
		};
		49102AFF1CE473AD0089D102 /* MyGitTests */ = {
			isa = PBXGroup;
			children = (
				49102B001CE473AD0089D102 /* MyGitTests.m */,
				49102B021CE473AD0089D102 /* Info.plist */,
			);
			path = MyGitTests;
			sourceTree = "<group>";
		};
		49102B0A1CE473AD0089D102 /* MyGitUITests */ = {
			isa = PBXGroup;
			children = (
				49102B0B1CE473AD0089D102 /* MyGitUITests.m */,
				49102B0D1CE473AD0089D102 /* Info.plist */,
			);
			path = MyGitUITests;
			sourceTree = "<group>";
		};
/* End PBXGroup section */

/* Begin PBXNativeTarget section */
		49102ADF1CE473AD0089D102 /* MyGit */ = {
			isa = PBXNativeTarget;
			buildConfigurationList = 49102B101CE473AD0089D102 /* Build configuration list for PBXNativeTarget "MyGit" */;
			buildPhases = (
				49102ADC1CE473AD0089D102 /* Sources */,
				49102ADD1CE473AD0089D102 /* Frameworks */,
				49102ADE1CE473AD0089D102 /* Resources */,
			);
			buildRules = (
			);
			dependencies = (
			);
			name = MyGit;
			productName = MyGit;
			productReference = 49102AE01CE473AD0089D102 /* MyGit.app */;
			productType = "com.apple.product-type.application";
		};
		49102AFB1CE473AD0089D102 /* MyGitTests */ = {
			isa = PBXNativeTarget;
			buildConfigurationList = 49102B131CE473AD0089D102 /* Build configuration list for PBXNativeTarget "MyGitTests" */;
			buildPhases = (
				49102AF81CE473AD0089D102 /* Sources */,
				49102AF91CE473AD0089D102 /* Frameworks */,
				49102AFA1CE473AD0089D102 /* Resources */,
			);
			buildRules = (
			);
			dependencies = (
				49102AFE1CE473AD0089D102 /* PBXTargetDependency */,
			);
			name = MyGitTests;
			productName = MyGitTests;
			productReference = 49102AFC1CE473AD0089D102 /* MyGitTests.xctest */;
			productType = "com.apple.product-type.bundle.unit-test";
		};
		49102B061CE473AD0089D102 /* MyGitUITests */ = {
			isa = PBXNativeTarget;
			buildConfigurationList = 49102B161CE473AD0089D102 /* Build configuration list for PBXNativeTarget "MyGitUITests" */;
			buildPhases = (
				49102B031CE473AD0089D102 /* Sources */,
				49102B041CE473AD0089D102 /* Frameworks */,
				49102B051CE473AD0089D102 /* Resources */,
			);
			buildRules = (
			);
			dependencies = (
				49102B091CE473AD0089D102 /* PBXTargetDependency */,
			);
			name = MyGitUITests;
			productName = MyGitUITests;
			productReference = 49102B071CE473AD0089D102 /* MyGitUITests.xctest */;
			productType = "com.apple.product-type.bundle.ui-testing";
		};
/* End PBXNativeTarget section */

/* Begin PBXProject section */
		49102AD81CE473AD0089D102 /* Project object */ = {
			isa = PBXProject;
			attributes = {
				LastUpgradeCheck = 0710;
				ORGANIZATIONNAME = jiayou;
				TargetAttributes = {
					49102ADF1CE473AD0089D102 = {
						CreatedOnToolsVersion = 7.1;
					};
					49102AFB1CE473AD0089D102 = {
						CreatedOnToolsVersion = 7.1;
						TestTargetID = 49102ADF1CE473AD0089D102;
					};
					49102B061CE473AD0089D102 = {
						CreatedOnToolsVersion = 7.1;
						TestTargetID = 49102ADF1CE473AD0089D102;
					};
				};
			};
			buildConfigurationList = 49102ADB1CE473AD0089D102 /* Build configuration list for PBXProject "MyGit" */;
			compatibilityVersion = "Xcode 3.2";
			developmentRegion = English;
			hasScannedForEncodings = 0;
			knownRegions = (
				en,
				Base,
			);
			mainGroup = 49102AD71CE473AD0089D102;
			productRefGroup = 49102AE11CE473AD0089D102 /* Products */;
			projectDirPath = "";
			projectRoot = "";
			targets = (
				49102ADF1CE473AD0089D102 /* MyGit */,
				49102AFB1CE473AD0089D102 /* MyGitTests */,
				49102B061CE473AD0089D102 /* MyGitUITests */,
			);
		};
/* End PBXProject section */

/* Begin PBXResourcesBuildPhase section */
		49102ADE1CE473AD0089D102 /* Resources */ = {
			isa = PBXResourcesBuildPhase;
			buildActionMask = 2147483647;
			files = (
				49102AF61CE473AD0089D102 /* LaunchScreen.storyboard in Resources */,
				49102AF31CE473AD0089D102 /* Assets.xcassets in Resources */,
				49102AEE1CE473AD0089D102 /* Main.storyboard in Resources */,
			);
			runOnlyForDeploymentPostprocessing = 0;
		};
		49102AFA1CE473AD0089D102 /* Resources */ = {
			isa = PBXResourcesBuildPhase;
			buildActionMask = 2147483647;
			files = (
			);
			runOnlyForDeploymentPostprocessing = 0;
		};
		49102B051CE473AD0089D102 /* Resources */ = {
			isa = PBXResourcesBuildPhase;
			buildActionMask = 2147483647;
			files = (
			);
			runOnlyForDeploymentPostprocessing = 0;
		};
/* End PBXResourcesBuildPhase section */

/* Begin PBXSourcesBuildPhase section */
		49102ADC1CE473AD0089D102 /* Sources */ = {
			isa = PBXSourcesBuildPhase;
			buildActionMask = 2147483647;
			files = (
				49102AF11CE473AD0089D102 /* MyGit.xcdatamodeld in Sources */,
				49102AEB1CE473AD0089D102 /* ViewController.m in Sources */,
				49102AE81CE473AD0089D102 /* AppDelegate.m in Sources */,
				49102AE51CE473AD0089D102 /* main.m in Sources */,
			);
			runOnlyForDeploymentPostprocessing = 0;
		};
		49102AF81CE473AD0089D102 /* Sources */ = {
			isa = PBXSourcesBuildPhase;
			buildActionMask = 2147483647;
			files = (
				49102B011CE473AD0089D102 /* MyGitTests.m in Sources */,
			);
			runOnlyForDeploymentPostprocessing = 0;
		};
		49102B031CE473AD0089D102 /* Sources */ = {
			isa = PBXSourcesBuildPhase;
			buildActionMask = 2147483647;
			files = (
				49102B0C1CE473AD0089D102 /* MyGitUITests.m in Sources */,
			);
			runOnlyForDeploymentPostprocessing = 0;
		};
/* End PBXSourcesBuildPhase section */

/* Begin PBXTargetDependency section */
		49102AFE1CE473AD0089D102 /* PBXTargetDependency */ = {
			isa = PBXTargetDependency;
			target = 49102ADF1CE473AD0089D102 /* MyGit */;
			targetProxy = 49102AFD1CE473AD0089D102 /* PBXContainerItemProxy */;
		};
		49102B091CE473AD0089D102 /* PBXTargetDependency */ = {
			isa = PBXTargetDependency;
			target = 49102ADF1CE473AD0089D102 /* MyGit */;
			targetProxy = 49102B081CE473AD0089D102 /* PBXContainerItemProxy */;
		};
/* End PBXTargetDependency section */

/* Begin PBXVariantGroup section */
		49102AEC1CE473AD0089D102 /* Main.storyboard */ = {
			isa = PBXVariantGroup;
			children = (
				49102AED1CE473AD0089D102 /* Base */,
			);
			name = Main.storyboard;
			sourceTree = "<group>";
		};
		49102AF41CE473AD0089D102 /* LaunchScreen.storyboard */ = {
			isa = PBXVariantGroup;
			children = (
				49102AF51CE473AD0089D102 /* Base */,
			);
			name = LaunchScreen.storyboard;
			sourceTree = "<group>";
		};
/* End PBXVariantGroup section */

/* Begin XCBuildConfiguration section */
		49102B0E1CE473AD0089D102 /* Debug */ = {
			isa = XCBuildConfiguration;
			buildSettings = {
				ALWAYS_SEARCH_USER_PATHS = NO;
				CLANG_CXX_LANGUAGE_STANDARD = "gnu++0x";
				CLANG_CXX_LIBRARY = "libc++";
				CLANG_ENABLE_MODULES = YES;
				CLANG_ENABLE_OBJC_ARC = YES;
				CLANG_WARN_BOOL_CONVERSION = YES;
				CLANG_WARN_CONSTANT_CONVERSION = YES;
				CLANG_WARN_DIRECT_OBJC_ISA_USAGE = YES_ERROR;
				CLANG_WARN_EMPTY_BODY = YES;
				CLANG_WARN_ENUM_CONVERSION = YES;
				CLANG_WARN_INT_CONVERSION = YES;
				CLANG_WARN_OBJC_ROOT_CLASS = YES_ERROR;
				CLANG_WARN_UNREACHABLE_CODE = YES;
				CLANG_WARN__DUPLICATE_METHOD_MATCH = YES;
				"CODE_SIGN_IDENTITY[sdk=iphoneos*]" = "iPhone Developer";
				COPY_PHASE_STRIP = NO;
				DEBUG_INFORMATION_FORMAT = dwarf;
				ENABLE_STRICT_OBJC_MSGSEND = YES;
				ENABLE_TESTABILITY = YES;
				GCC_C_LANGUAGE_STANDARD = gnu99;
				GCC_DYNAMIC_NO_PIC = NO;
				GCC_NO_COMMON_BLOCKS = YES;
				GCC_OPTIMIZATION_LEVEL = 0;
				GCC_PREPROCESSOR_DEFINITIONS = (
					"DEBUG=1",
					"$(inherited)",
				);
				GCC_WARN_64_TO_32_BIT_CONVERSION = YES;
				GCC_WARN_ABOUT_RETURN_TYPE = YES_ERROR;
				GCC_WARN_UNDECLARED_SELECTOR = YES;
				GCC_WARN_UNINITIALIZED_AUTOS = YES_AGGRESSIVE;
				GCC_WARN_UNUSED_FUNCTION = YES;
				GCC_WARN_UNUSED_VARIABLE = YES;
				IPHONEOS_DEPLOYMENT_TARGET = 9.1;
				MTL_ENABLE_DEBUG_INFO = YES;
				ONLY_ACTIVE_ARCH = YES;
				SDKROOT = iphoneos;
			};
			name = Debug;
		};
		49102B0F1CE473AD0089D102 /* Release */ = {
			isa = XCBuildConfiguration;
			buildSettings = {
				ALWAYS_SEARCH_USER_PATHS = NO;
				CLANG_CXX_LANGUAGE_STANDARD = "gnu++0x";
				CLANG_CXX_LIBRARY = "libc++";
				CLANG_ENABLE_MODULES = YES;
				CLANG_ENABLE_OBJC_ARC = YES;
				CLANG_WARN_BOOL_CONVERSION = YES;
				CLANG_WARN_CONSTANT_CONVERSION = YES;
				CLANG_WARN_DIRECT_OBJC_ISA_USAGE = YES_ERROR;
				CLANG_WARN_EMPTY_BODY = YES;
				CLANG_WARN_ENUM_CONVERSION = YES;
				CLANG_WARN_INT_CONVERSION = YES;
				CLANG_WARN_OBJC_ROOT_CLASS = YES_ERROR;
				CLANG_WARN_UNREACHABLE_CODE = YES;
				CLANG_WARN__DUPLICATE_METHOD_MATCH = YES;
				"CODE_SIGN_IDENTITY[sdk=iphoneos*]" = "iPhone Developer";
				COPY_PHASE_STRIP = NO;
				DEBUG_INFORMATION_FORMAT = "dwarf-with-dsym";
				ENABLE_NS_ASSERTIONS = NO;
				ENABLE_STRICT_OBJC_MSGSEND = YES;
				GCC_C_LANGUAGE_STANDARD = gnu99;
				GCC_NO_COMMON_BLOCKS = YES;
				GCC_WARN_64_TO_32_BIT_CONVERSION = YES;
				GCC_WARN_ABOUT_RETURN_TYPE = YES_ERROR;
				GCC_WARN_UNDECLARED_SELECTOR = YES;
				GCC_WARN_UNINITIALIZED_AUTOS = YES_AGGRESSIVE;
				GCC_WARN_UNUSED_FUNCTION = YES;
				GCC_WARN_UNUSED_VARIABLE = YES;
				IPHONEOS_DEPLOYMENT_TARGET = 9.1;
				MTL_ENABLE_DEBUG_INFO = NO;
				SDKROOT = iphoneos;
				VALIDATE_PRODUCT = YES;
			};
			name = Release;
		};
		49102B111CE473AD0089D102 /* Debug */ = {
			isa = XCBuildConfiguration;
			buildSettings = {
				ASSETCATALOG_COMPILER_APPICON_NAME = AppIcon;
				INFOPLIST_FILE = MyGit/Info.plist;
				LD_RUNPATH_SEARCH_PATHS = "$(inherited) @executable_path/Frameworks";
				PRODUCT_BUNDLE_IDENTIFIER = com.lanou3g.MyGit;
				PRODUCT_NAME = "$(TARGET_NAME)";
			};
			name = Debug;
		};
		49102B121CE473AD0089D102 /* Release */ = {
			isa = XCBuildConfiguration;
			buildSettings = {
				ASSETCATALOG_COMPILER_APPICON_NAME = AppIcon;
				INFOPLIST_FILE = MyGit/Info.plist;
				LD_RUNPATH_SEARCH_PATHS = "$(inherited) @executable_path/Frameworks";
				PRODUCT_BUNDLE_IDENTIFIER = com.lanou3g.MyGit;
				PRODUCT_NAME = "$(TARGET_NAME)";
			};
			name = Release;
		};
		49102B141CE473AD0089D102 /* Debug */ = {
			isa = XCBuildConfiguration;
			buildSettings = {
				BUNDLE_LOADER = "$(TEST_HOST)";
				INFOPLIST_FILE = MyGitTests/Info.plist;
				LD_RUNPATH_SEARCH_PATHS = "$(inherited) @executable_path/Frameworks @loader_path/Frameworks";
				PRODUCT_BUNDLE_IDENTIFIER = com.lanou3g.MyGitTests;
				PRODUCT_NAME = "$(TARGET_NAME)";
				TEST_HOST = "$(BUILT_PRODUCTS_DIR)/MyGit.app/MyGit";
			};
			name = Debug;
		};
		49102B151CE473AD0089D102 /* Release */ = {
			isa = XCBuildConfiguration;
			buildSettings = {
				BUNDLE_LOADER = "$(TEST_HOST)";
				INFOPLIST_FILE = MyGitTests/Info.plist;
				LD_RUNPATH_SEARCH_PATHS = "$(inherited) @executable_path/Frameworks @loader_path/Frameworks";
				PRODUCT_BUNDLE_IDENTIFIER = com.lanou3g.MyGitTests;
				PRODUCT_NAME = "$(TARGET_NAME)";
				TEST_HOST = "$(BUILT_PRODUCTS_DIR)/MyGit.app/MyGit";
			};
			name = Release;
		};
		49102B171CE473AD0089D102 /* Debug */ = {
			isa = XCBuildConfiguration;
			buildSettings = {
				INFOPLIST_FILE = MyGitUITests/Info.plist;
				LD_RUNPATH_SEARCH_PATHS = "$(inherited) @executable_path/Frameworks @loader_path/Frameworks";
				PRODUCT_BUNDLE_IDENTIFIER = com.lanou3g.MyGitUITests;
				PRODUCT_NAME = "$(TARGET_NAME)";
				TEST_TARGET_NAME = MyGit;
				USES_XCTRUNNER = YES;
			};
			name = Debug;
		};
		49102B181CE473AD0089D102 /* Release */ = {
			isa = XCBuildConfiguration;
			buildSettings = {
				INFOPLIST_FILE = MyGitUITests/Info.plist;
				LD_RUNPATH_SEARCH_PATHS = "$(inherited) @executable_path/Frameworks @loader_path/Frameworks";
				PRODUCT_BUNDLE_IDENTIFIER = com.lanou3g.MyGitUITests;
				PRODUCT_NAME = "$(TARGET_NAME)";
				TEST_TARGET_NAME = MyGit;
				USES_XCTRUNNER = YES;
			};
			name = Release;
		};
/* End XCBuildConfiguration section */

/* Begin XCConfigurationList section */
		49102ADB1CE473AD0089D102 /* Build configuration list for PBXProject "MyGit" */ = {
			isa = XCConfigurationList;
			buildConfigurations = (
				49102B0E1CE473AD0089D102 /* Debug */,
				49102B0F1CE473AD0089D102 /* Release */,
			);
			defaultConfigurationIsVisible = 0;
			defaultConfigurationName = Release;
		};
		49102B101CE473AD0089D102 /* Build configuration list for PBXNativeTarget "MyGit" */ = {
			isa = XCConfigurationList;
			buildConfigurations = (
				49102B111CE473AD0089D102 /* Debug */,
				49102B121CE473AD0089D102 /* Release */,
			);
			defaultConfigurationIsVisible = 0;
		};
		49102B131CE473AD0089D102 /* Build configuration list for PBXNativeTarget "MyGitTests" */ = {
			isa = XCConfigurationList;
			buildConfigurations = (
				49102B141CE473AD0089D102 /* Debug */,
				49102B151CE473AD0089D102 /* Release */,
			);
			defaultConfigurationIsVisible = 0;
		};
		49102B161CE473AD0089D102 /* Build configuration list for PBXNativeTarget "MyGitUITests" */ = {
			isa = XCConfigurationList;
			buildConfigurations = (
				49102B171CE473AD0089D102 /* Debug */,
				49102B181CE473AD0089D102 /* Release */,
			);
			defaultConfigurationIsVisible = 0;
		};
/* End XCConfigurationList section */

/* Begin XCVersionGroup section */
		49102AEF1CE473AD0089D102 /* MyGit.xcdatamodeld */ = {
			isa = XCVersionGroup;
			children = (
				49102AF01CE473AD0089D102 /* MyGit.xcdatamodel */,
			);
			currentVersion = 49102AF01CE473AD0089D102 /* MyGit.xcdatamodel */;
			path = MyGit.xcdatamodeld;
			sourceTree = "<group>";
			versionGroupType = wrapper.xcdatamodel;
		};
/* End XCVersionGroup section */
	};
	rootObject = 49102AD81CE473AD0089D102 /* Project object */;
}
